
Microsoft Visual Studio Solution File, Format Version 12.00
# Visual Studio Version 17
VisualStudioVersion = 17.13.35818.85 d17.13
MinimumVisualStudioVersion = 10.0.40219.1
Project("{FAE04EC0-301F-11D3-BF4B-00C04F79EFBC}") = "AirDirector", "AirDirector\AirDirector.csproj", "{C09E3EF8-738D-4F5E-B1E3-AEF84EFE483B}"
EndProject
Global
	GlobalSection(SolutionConfigurationPlatforms) = preSolution
		Debug|Any CPU = Debug|Any CPU
		Release|Any CPU = Release|Any CPU
	EndGlobalSection
	GlobalSection(ProjectConfigurationPlatforms) = postSolution
		{C09E3EF8-738D-4F5E-B1E3-AEF84EFE483B}.Debug|Any CPU.ActiveCfg = Debug|Any CPU
		{C09E3EF8-738D-4F5E-B1E3-AEF84EFE483B}.Debug|Any CPU.Build.0 = Debug|Any CPU
		{C09E3EF8-738D-4F5E-B1E3-AEF84EFE483B}.Release|Any CPU.ActiveCfg = Release|Any CPU
		{C09E3EF8-738D-4F5E-B1E3-AEF84EFE483B}.Release|Any CPU.Build.0 = Release|Any CPU
	EndGlobalSection
	GlobalSection(SolutionProperties) = preSolution
		HideSolutionNode = FALSE
	EndGlobalSection
	GlobalSection(ExtensibilityGlobals) = postSolution
		SolutionGuid = {C1546FD8-40D6-4575-89AE-724C1850BC2B}
	EndGlobalSection
EndGlobal
